
Microsoft Visual Studio Solution File, Format Version 12.00
# Visual Studio Version 17
VisualStudioVersion = 17.2.32616.157
MinimumVisualStudioVersion = 10.0.40219.1
Project("{FAE04EC0-301F-11D3-BF4B-00C04F79EFBC}") = "TP-Empresa De Cable", "TP-Empresa De Cable.csproj", "{13B2BA2D-9284-46D0-88D2-589E682537D8}"
EndProject
Global
	GlobalSection(SolutionConfigurationPlatforms) = preSolution
		Debug|Any CPU = Debug|Any CPU
		Release|Any CPU = Release|Any CPU
	EndGlobalSection
	GlobalSection(ProjectConfigurationPlatforms) = postSolution
		{13B2BA2D-9284-46D0-88D2-589E682537D8}.Debug|Any CPU.ActiveCfg = Debug|Any CPU
		{13B2BA2D-9284-46D0-88D2-589E682537D8}.Debug|Any CPU.Build.0 = Debug|Any CPU
		{13B2BA2D-9284-46D0-88D2-589E682537D8}.Release|Any CPU.ActiveCfg = Release|Any CPU
		{13B2BA2D-9284-46D0-88D2-589E682537D8}.Release|Any CPU.Build.0 = Release|Any CPU
	EndGlobalSection
	GlobalSection(SolutionProperties) = preSolution
		HideSolutionNode = FALSE
	EndGlobalSection
	GlobalSection(ExtensibilityGlobals) = postSolution
		SolutionGuid = {E6372200-86A5-429B-AFB5-C4A74520D4DF}
	EndGlobalSection
EndGlobal
